
Microsoft Visual Studio Solution File, Format Version 12.00
# Visual Studio Version 17
VisualStudioVersion = 17.2.32602.215
MinimumVisualStudioVersion = 10.0.40219.1
Project("{2150E333-8FDC-42A3-9474-1A3956D46DE8}") = "src", "src", "{FEFAD242-9735-4E16-9E93-2D7F8FED4538}"
EndProject
Project("{2150E333-8FDC-42A3-9474-1A3956D46DE8}") = "Building Blocks", "Building Blocks", "{1623BEB6-B770-4588-8ADF-2EB9A456D682}"
EndProject
Project("{2150E333-8FDC-42A3-9474-1A3956D46DE8}") = "Services", "Services", "{6EB98CA8-1711-4721-B5A2-59E3CAF5E5A5}"
EndProject
Project("{9A19103F-16F7-4668-BE54-9A1E7A4F7556}") = "ProjectVenda.Core", "src\building blocks\ProjectVenda.Core\ProjectVenda.Core.csproj", "{94B6A1A3-9880-4EB5-8923-D9ABF361E2A1}"
EndProject
Project("{2150E333-8FDC-42A3-9474-1A3956D46DE8}") = "Login", "Login", "{342DB3A6-6CF3-4357-9EC7-DF407EB2D215}"
EndProject
Project("{9A19103F-16F7-4668-BE54-9A1E7A4F7556}") = "ProjectVenda.Login.Api", "src\services\ProjectVenda.Login.Api\ProjectVenda.Login.Api.csproj", "{B13971E5-C49E-47D9-AA24-277A06453A9B}"
EndProject
Project("{2150E333-8FDC-42A3-9474-1A3956D46DE8}") = "Cliente", "Cliente", "{FBF962DF-8CF2-438A-9935-BCCE42318990}"
EndProject
Project("{9A19103F-16F7-4668-BE54-9A1E7A4F7556}") = "ProjectVenda.Cliente.Api", "src\services\ProjectVenda.Cliente.Api\ProjectVenda.Cliente.Api.csproj", "{2A0D7BA4-A150-4AAE-8117-F8846CB33C91}"
EndProject
Project("{2150E333-8FDC-42A3-9474-1A3956D46DE8}") = "Solution Items", "Solution Items", "{28DFD442-7CB7-40E0-A31C-045917A84ACD}"
	ProjectSection(SolutionItems) = preProject
		.editorconfig = .editorconfig
	EndProjectSection
EndProject
Global
	GlobalSection(SolutionConfigurationPlatforms) = preSolution
		Debug|Any CPU = Debug|Any CPU
		Release|Any CPU = Release|Any CPU
	EndGlobalSection
	GlobalSection(ProjectConfigurationPlatforms) = postSolution
		{94B6A1A3-9880-4EB5-8923-D9ABF361E2A1}.Debug|Any CPU.ActiveCfg = Debug|Any CPU
		{94B6A1A3-9880-4EB5-8923-D9ABF361E2A1}.Debug|Any CPU.Build.0 = Debug|Any CPU
		{94B6A1A3-9880-4EB5-8923-D9ABF361E2A1}.Release|Any CPU.ActiveCfg = Release|Any CPU
		{94B6A1A3-9880-4EB5-8923-D9ABF361E2A1}.Release|Any CPU.Build.0 = Release|Any CPU
		{B13971E5-C49E-47D9-AA24-277A06453A9B}.Debug|Any CPU.ActiveCfg = Debug|Any CPU
		{B13971E5-C49E-47D9-AA24-277A06453A9B}.Debug|Any CPU.Build.0 = Debug|Any CPU
		{B13971E5-C49E-47D9-AA24-277A06453A9B}.Release|Any CPU.ActiveCfg = Release|Any CPU
		{B13971E5-C49E-47D9-AA24-277A06453A9B}.Release|Any CPU.Build.0 = Release|Any CPU
		{2A0D7BA4-A150-4AAE-8117-F8846CB33C91}.Debug|Any CPU.ActiveCfg = Debug|Any CPU
		{2A0D7BA4-A150-4AAE-8117-F8846CB33C91}.Debug|Any CPU.Build.0 = Debug|Any CPU
		{2A0D7BA4-A150-4AAE-8117-F8846CB33C91}.Release|Any CPU.ActiveCfg = Release|Any CPU
		{2A0D7BA4-A150-4AAE-8117-F8846CB33C91}.Release|Any CPU.Build.0 = Release|Any CPU
	EndGlobalSection
	GlobalSection(SolutionProperties) = preSolution
		HideSolutionNode = FALSE
	EndGlobalSection
	GlobalSection(NestedProjects) = preSolution
		{1623BEB6-B770-4588-8ADF-2EB9A456D682} = {FEFAD242-9735-4E16-9E93-2D7F8FED4538}
		{6EB98CA8-1711-4721-B5A2-59E3CAF5E5A5} = {FEFAD242-9735-4E16-9E93-2D7F8FED4538}
		{94B6A1A3-9880-4EB5-8923-D9ABF361E2A1} = {1623BEB6-B770-4588-8ADF-2EB9A456D682}
		{342DB3A6-6CF3-4357-9EC7-DF407EB2D215} = {6EB98CA8-1711-4721-B5A2-59E3CAF5E5A5}
		{B13971E5-C49E-47D9-AA24-277A06453A9B} = {342DB3A6-6CF3-4357-9EC7-DF407EB2D215}
		{FBF962DF-8CF2-438A-9935-BCCE42318990} = {6EB98CA8-1711-4721-B5A2-59E3CAF5E5A5}
		{2A0D7BA4-A150-4AAE-8117-F8846CB33C91} = {FBF962DF-8CF2-438A-9935-BCCE42318990}
	EndGlobalSection
	GlobalSection(ExtensibilityGlobals) = postSolution
		SolutionGuid = {54E99DEF-F5A8-487D-B3DA-9D496559B623}
	EndGlobalSection
EndGlobal
